
Microsoft Visual Studio Solution File, Format Version 12.00
# Visual Studio Version 16
VisualStudioVersion = 16.0.30225.117
MinimumVisualStudioVersion = 10.0.40219.1
Project("{FAE04EC0-301F-11D3-BF4B-00C04F79EFBC}") = "BehaviorTreeLibrary", "BehaviorTree\BehaviorTreeLibrary.csproj", "{F3F5EC2F-A238-4DFA-856B-A11F962743BE}"
EndProject
Project("{FAE04EC0-301F-11D3-BF4B-00C04F79EFBC}") = "BehaviorTreeTests", "BehaviorTreeTests\BehaviorTreeTests.csproj", "{B20661C8-D75B-4367-9026-27AFA94E1D41}"
EndProject
Global
	GlobalSection(SolutionConfigurationPlatforms) = preSolution
		Debug|Any CPU = Debug|Any CPU
		Release|Any CPU = Release|Any CPU
	EndGlobalSection
	GlobalSection(ProjectConfigurationPlatforms) = postSolution
		{F3F5EC2F-A238-4DFA-856B-A11F962743BE}.Debug|Any CPU.ActiveCfg = Debug|Any CPU
		{F3F5EC2F-A238-4DFA-856B-A11F962743BE}.Debug|Any CPU.Build.0 = Debug|Any CPU
		{F3F5EC2F-A238-4DFA-856B-A11F962743BE}.Release|Any CPU.ActiveCfg = Release|Any CPU
		{F3F5EC2F-A238-4DFA-856B-A11F962743BE}.Release|Any CPU.Build.0 = Release|Any CPU
		{B20661C8-D75B-4367-9026-27AFA94E1D41}.Debug|Any CPU.ActiveCfg = Debug|Any CPU
		{B20661C8-D75B-4367-9026-27AFA94E1D41}.Debug|Any CPU.Build.0 = Debug|Any CPU
		{B20661C8-D75B-4367-9026-27AFA94E1D41}.Release|Any CPU.ActiveCfg = Release|Any CPU
		{B20661C8-D75B-4367-9026-27AFA94E1D41}.Release|Any CPU.Build.0 = Release|Any CPU
	EndGlobalSection
	GlobalSection(SolutionProperties) = preSolution
		HideSolutionNode = FALSE
	EndGlobalSection
	GlobalSection(ExtensibilityGlobals) = postSolution
		SolutionGuid = {A7B987EE-D8B7-4F15-A3D1-4EF62DDAF414}
	EndGlobalSection
EndGlobal
