
Microsoft Visual Studio Solution File, Format Version 12.00
# Visual Studio Version 16
VisualStudioVersion = 16.0.30225.117
MinimumVisualStudioVersion = 10.0.40219.1
Project("{9A19103F-16F7-4668-BE54-9A1E7A4F7556}") = "BehaviorTreeLibrary", "BehaviorTree\BehaviorTreeLibrary.csproj", "{F3F5EC2F-A238-4DFA-856B-A11F962743BE}"
EndProject
Project("{9A19103F-16F7-4668-BE54-9A1E7A4F7556}") = "BehaviorTreeLibrary.Tests", "BehaviorTreeLibrary.Tests\BehaviorTreeLibrary.Tests.csproj", "{5D81312E-37FC-43E1-B5A6-C5E4EEF9BCE6}"
EndProject
Project("{FAE04EC0-301F-11D3-BF4B-00C04F79EFBC}") = "Examples", "Examples\Examples.csproj", "{DE557F16-A532-4611-A823-9F790B518A45}"
EndProject
Global
	GlobalSection(SolutionConfigurationPlatforms) = preSolution
		Debug|Any CPU = Debug|Any CPU
		Release|Any CPU = Release|Any CPU
	EndGlobalSection
	GlobalSection(ProjectConfigurationPlatforms) = postSolution
		{F3F5EC2F-A238-4DFA-856B-A11F962743BE}.Debug|Any CPU.ActiveCfg = Debug|Any CPU
		{F3F5EC2F-A238-4DFA-856B-A11F962743BE}.Debug|Any CPU.Build.0 = Debug|Any CPU
		{F3F5EC2F-A238-4DFA-856B-A11F962743BE}.Release|Any CPU.ActiveCfg = Release|Any CPU
		{F3F5EC2F-A238-4DFA-856B-A11F962743BE}.Release|Any CPU.Build.0 = Release|Any CPU
		{5D81312E-37FC-43E1-B5A6-C5E4EEF9BCE6}.Debug|Any CPU.ActiveCfg = Debug|Any CPU
		{5D81312E-37FC-43E1-B5A6-C5E4EEF9BCE6}.Debug|Any CPU.Build.0 = Debug|Any CPU
		{5D81312E-37FC-43E1-B5A6-C5E4EEF9BCE6}.Release|Any CPU.ActiveCfg = Release|Any CPU
		{5D81312E-37FC-43E1-B5A6-C5E4EEF9BCE6}.Release|Any CPU.Build.0 = Release|Any CPU
		{DE557F16-A532-4611-A823-9F790B518A45}.Debug|Any CPU.ActiveCfg = Debug|Any CPU
		{DE557F16-A532-4611-A823-9F790B518A45}.Debug|Any CPU.Build.0 = Debug|Any CPU
		{DE557F16-A532-4611-A823-9F790B518A45}.Release|Any CPU.ActiveCfg = Release|Any CPU
		{DE557F16-A532-4611-A823-9F790B518A45}.Release|Any CPU.Build.0 = Release|Any CPU
	EndGlobalSection
	GlobalSection(SolutionProperties) = preSolution
		HideSolutionNode = FALSE
	EndGlobalSection
	GlobalSection(ExtensibilityGlobals) = postSolution
		SolutionGuid = {A7B987EE-D8B7-4F15-A3D1-4EF62DDAF414}
	EndGlobalSection
EndGlobal
